
Microsoft Visual Studio Solution File, Format Version 11.00
# Visual Studio 2010
Project("{54435603-DBB4-11D2-8724-00A0C9A8B90C}") = "MatchMonitor", "MatchMonitor\MatchMonitor.vdproj", "{2E0C7052-087B-44A1-A8F0-1449215206EE}"
EndProject
Global
	GlobalSection(SolutionConfigurationPlatforms) = preSolution
		Debug|Default = Debug|Default
		Release|Default = Release|Default
	EndGlobalSection
	GlobalSection(ProjectConfigurationPlatforms) = postSolution
		{2E0C7052-087B-44A1-A8F0-1449215206EE}.Debug|Default.ActiveCfg = Debug
		{2E0C7052-087B-44A1-A8F0-1449215206EE}.Debug|Default.Build.0 = Debug
		{2E0C7052-087B-44A1-A8F0-1449215206EE}.Release|Default.ActiveCfg = Release
		{2E0C7052-087B-44A1-A8F0-1449215206EE}.Release|Default.Build.0 = Release
	EndGlobalSection
	GlobalSection(SolutionProperties) = preSolution
		HideSolutionNode = FALSE
	EndGlobalSection
EndGlobal
