<?xml version="1.0" encoding="utf-8"?>
<Project ToolsVersion="4.0" xmlns="http://schemas.microsoft.com/developer/msbuild/2003">
  <ItemGroup>
    <Filter Include="Source Files">
      <UniqueIdentifier>{4FC737F1-C7A5-4376-A066-2A32D752A2FF}</UniqueIdentifier>
      <Extensions>cpp;cxx;c;def</Extensions>
    </Filter>
    <Filter Include="Header Files">
      <UniqueIdentifier>{93995380-89BD-4b04-88EB-625FBE52EBFB}</UniqueIdentifier>
      <Extensions>h</Extensions>
    </Filter>
    <Filter Include="Form Files">
      <UniqueIdentifier>{99349809-55BA-4b9d-BF79-8FDBB0286EB3}</UniqueIdentifier>
      <Extensions>ui</Extensions>
    </Filter>
    <Filter Include="Resource Files">
      <UniqueIdentifier>{D9D6E242-F8AF-46E4-B9FD-80ECBC20BA3E}</UniqueIdentifier>
      <Extensions>qrc;*</Extensions>
      <ParseFiles>false</ParseFiles>
    </Filter>
    <Filter Include="Generated Files">
      <UniqueIdentifier>{71ED8ED8-ACB9-4CE9-BBE1-E00B30144E11}</UniqueIdentifier>
      <Extensions>moc;h;cpp</Extensions>
      <SourceControlFiles>False</SourceControlFiles>
    </Filter>
    <Filter Include="Generated Files\Debug">
      <UniqueIdentifier>{72ea9a08-8581-48e8-8c48-953bc79db1d9}</UniqueIdentifier>
      <Extensions>cpp;moc</Extensions>
      <SourceControlFiles>False</SourceControlFiles>
    </Filter>
    <Filter Include="Generated Files\Release">
      <UniqueIdentifier>{bf4fd6a8-a4a9-4f2f-8c19-144fde327df3}</UniqueIdentifier>
      <Extensions>cpp;moc</Extensions>
      <SourceControlFiles>False</SourceControlFiles>
    </Filter>
    <Filter Include="Header Files\Service">
      <UniqueIdentifier>{b98944a0-3c04-4b96-92e6-31ec55d80b31}</UniqueIdentifier>
    </Filter>
    <Filter Include="Header Files\Model">
      <UniqueIdentifier>{3a90e9de-1173-46dd-8c40-88b537ebd7e8}</UniqueIdentifier>
    </Filter>
    <Filter Include="Source Files\Model">
      <UniqueIdentifier>{1d91b605-478c-48a1-87c8-d735fe89af7d}</UniqueIdentifier>
    </Filter>
    <Filter Include="Source Files\Service">
      <UniqueIdentifier>{4f77271f-cbc5-4875-b28a-2687333ebfc2}</UniqueIdentifier>
    </Filter>
  </ItemGroup>
  <ItemGroup>
    <ClCompile Include="main.cpp">
      <Filter>Source Files</Filter>
    </ClCompile>
    <ClCompile Include="RepoManager.cpp">
      <Filter>Source Files</Filter>
    </ClCompile>
    <ClCompile Include="GeneratedFiles\Debug\moc_RepoManager.cpp">
      <Filter>Generated Files\Debug</Filter>
    </ClCompile>
    <ClCompile Include="GeneratedFiles\Release\moc_RepoManager.cpp">
      <Filter>Generated Files\Release</Filter>
    </ClCompile>
    <ClCompile Include="GeneratedFiles\qrc_RepoManager.cpp">
      <Filter>Generated Files</Filter>
    </ClCompile>
    <ClCompile Include="SDailyReplenishEO.cpp">
      <Filter>Source Files\Model</Filter>
    </ClCompile>
    <ClCompile Include="SGoodsStateEO.cpp">
      <Filter>Source Files\Model</Filter>
    </ClCompile>
    <ClCompile Include="SNetRepoEO.cpp">
      <Filter>Source Files\Model</Filter>
    </ClCompile>
    <ClCompile Include="SSaleRecordEO.cpp">
      <Filter>Source Files\Model</Filter>
    </ClCompile>
    <ClCompile Include="SCalcRepoService.cpp">
      <Filter>Source Files\Service</Filter>
    </ClCompile>
  </ItemGroup>
  <ItemGroup>
    <CustomBuild Include="RepoManager.h">
      <Filter>Header Files</Filter>
    </CustomBuild>
    <CustomBuild Include="RepoManager.ui">
      <Filter>Form Files</Filter>
    </CustomBuild>
    <CustomBuild Include="RepoManager.qrc">
      <Filter>Resource Files</Filter>
    </CustomBuild>
  </ItemGroup>
  <ItemGroup>
    <ClInclude Include="GeneratedFiles\ui_RepoManager.h">
      <Filter>Generated Files</Filter>
    </ClInclude>
    <ClInclude Include="SDailyReplenishEO.h">
      <Filter>Header Files\Model</Filter>
    </ClInclude>
    <ClInclude Include="SGoodsStateEO.h">
      <Filter>Header Files\Model</Filter>
    </ClInclude>
    <ClInclude Include="SNetRepoEO.h">
      <Filter>Header Files\Model</Filter>
    </ClInclude>
    <ClInclude Include="SSaleRecordEO.h">
      <Filter>Header Files\Model</Filter>
    </ClInclude>
    <ClInclude Include="SModelConst.h">
      <Filter>Header Files\Model</Filter>
    </ClInclude>
    <ClInclude Include="SCalcRepoService.h">
      <Filter>Header Files\Service</Filter>
    </ClInclude>
  </ItemGroup>
</Project>