
Microsoft Visual Studio Solution File, Format Version 11.00
# Visual Studio 2010
Project("{8BC9CEB8-8B4A-11D0-8D11-00A0C91BC942}") = "SFileOper", "SFileOper\SFileOper.vcxproj", "{6E14A167-5C1D-4E5D-B47C-12C1D42E4898}"
EndProject
Global
	GlobalSection(SolutionConfigurationPlatforms) = preSolution
		Debug|Win32 = Debug|Win32
		Release|Win32 = Release|Win32
	EndGlobalSection
	GlobalSection(ProjectConfigurationPlatforms) = postSolution
		{6E14A167-5C1D-4E5D-B47C-12C1D42E4898}.Debug|Win32.ActiveCfg = Debug|Win32
		{6E14A167-5C1D-4E5D-B47C-12C1D42E4898}.Debug|Win32.Build.0 = Debug|Win32
		{6E14A167-5C1D-4E5D-B47C-12C1D42E4898}.Release|Win32.ActiveCfg = Release|Win32
		{6E14A167-5C1D-4E5D-B47C-12C1D42E4898}.Release|Win32.Build.0 = Release|Win32
	EndGlobalSection
	GlobalSection(SolutionProperties) = preSolution
		HideSolutionNode = FALSE
	EndGlobalSection
	GlobalSection(ExtensibilityGlobals) = postSolution
		Qt5Version = $(DefaultQtVersion)
	EndGlobalSection
EndGlobal
